
Microsoft Visual Studio Solution File, Format Version 12.00
Project("{FAE04EC0-301F-11D3-BF4B-00C04F79EFBC}") = "WebApp", "WebApp\WebApp.csproj", "{776B94CC-91B6-4C4E-A5F2-2F1ED5E3BCE0}"
EndProject
Project("{FAE04EC0-301F-11D3-BF4B-00C04F79EFBC}") = "DAL.EF.App", "DAL.EF.App\DAL.EF.App.csproj", "{8452F8E2-BBD7-4DAF-8AD8-F964332A360F}"
EndProject
Project("{FAE04EC0-301F-11D3-BF4B-00C04F79EFBC}") = "Domain.App", "Domain.App\Domain.App.csproj", "{6B14964E-A34A-4056-BC73-22ADCEEF0A14}"
EndProject
Project("{FAE04EC0-301F-11D3-BF4B-00C04F79EFBC}") = "Domain.Contracts.Base", "Domain.Contracts.Base\Domain.Contracts.Base.csproj", "{07C2DA3E-56BA-4263-BDB9-81EF14FF0E3A}"
EndProject
Project("{FAE04EC0-301F-11D3-BF4B-00C04F79EFBC}") = "Domain.Base", "Domain.Base\Domain.Base.csproj", "{A357C21E-0945-4645-8FB8-D302CD0C1222}"
EndProject
Project("{2150E333-8FDC-42A3-9474-1A3956D46DE8}") = "APP", "APP", "{C23658C3-EF58-4B50-A532-33E6E0B2E1E5}"
EndProject
Project("{2150E333-8FDC-42A3-9474-1A3956D46DE8}") = "BASE", "BASE", "{083F97F2-3E65-4AA9-BB61-720EEBFBCAA6}"
EndProject
Project("{2150E333-8FDC-42A3-9474-1A3956D46DE8}") = "Contracts", "Contracts", "{4C1FD346-B87B-4F2F-AA32-5284A5B689A8}"
EndProject
Project("{FAE04EC0-301F-11D3-BF4B-00C04F79EFBC}") = "DAL.Contracts.Base", "DAL.Contracts.Base\DAL.Contracts.Base.csproj", "{CA14E75E-9C12-472D-96FC-1AAD67D504C6}"
EndProject
Project("{FAE04EC0-301F-11D3-BF4B-00C04F79EFBC}") = "DAL.EF.Base", "DAL.EF.Base\DAL.EF.Base.csproj", "{BEC2AC62-1CD2-446F-B575-20BEA01F8A25}"
EndProject
Project("{2150E333-8FDC-42A3-9474-1A3956D46DE8}") = "Contracts", "Contracts", "{D64A4C5F-E08B-45D8-A351-3863D6D1BA15}"
EndProject
Project("{FAE04EC0-301F-11D3-BF4B-00C04F79EFBC}") = "DAL.Contracts.App", "DAL.Contracts.App\DAL.Contracts.App.csproj", "{2E79D5A7-D3B4-429A-AFD7-DC6BED080E2C}"
EndProject
Project("{FAE04EC0-301F-11D3-BF4B-00C04F79EFBC}") = "Helpers.Base", "Helpers.Base\Helpers.Base.csproj", "{63F48B29-44D6-4187-9151-63A7DF91A2CD}"
EndProject
Project("{FAE04EC0-301F-11D3-BF4B-00C04F79EFBC}") = "Public.DTO", "Public.DTO\Public.DTO.csproj", "{F29285AC-BE30-44E0-9D5B-3C33244F0B28}"
EndProject
Project("{FAE04EC0-301F-11D3-BF4B-00C04F79EFBC}") = "Contracts.Base", "Contracts.Base\Contracts.Base.csproj", "{2CCC342A-0590-4215-98B4-A4A7F491ADEB}"
EndProject
Project("{FAE04EC0-301F-11D3-BF4B-00C04F79EFBC}") = "DAL.Base", "DAL.Base\DAL.Base.csproj", "{04E240CB-D5F5-4C04-BBA9-BB87912AF31D}"
EndProject
Project("{FAE04EC0-301F-11D3-BF4B-00C04F79EFBC}") = "BLL.Contracts.Base", "BLL.Contracts.Base\BLL.Contracts.Base.csproj", "{AA852EAB-4CC1-4897-926D-1571BD9C0517}"
EndProject
Project("{FAE04EC0-301F-11D3-BF4B-00C04F79EFBC}") = "BLL.Base", "BLL.Base\BLL.Base.csproj", "{F6F41B85-1CBF-470E-BF7F-04B200ADF2C2}"
EndProject
Project("{FAE04EC0-301F-11D3-BF4B-00C04F79EFBC}") = "BLL.App", "BLL.App\BLL.App.csproj", "{E81DC196-77F3-4B7D-9742-2E3A3326553B}"
EndProject
Project("{FAE04EC0-301F-11D3-BF4B-00C04F79EFBC}") = "BLL.DTO", "BLL.DTO\BLL.DTO.csproj", "{EAB211CF-001A-4309-892A-DD0E56D060EF}"
EndProject
Project("{FAE04EC0-301F-11D3-BF4B-00C04F79EFBC}") = "BLL.Contracts.App", "BLL.Contracts.App\BLL.Contracts.App.csproj", "{06DBBEEE-23BA-4016-9EE3-618CFDA18B9D}"
EndProject
Project("{FAE04EC0-301F-11D3-BF4B-00C04F79EFBC}") = "Tests", "Tests\Tests.csproj", "{E66BEB8E-94DB-4918-A728-AFEB82A1F3EA}"
EndProject
Project("{2150E333-8FDC-42A3-9474-1A3956D46DE8}") = "Solution items", "Solution items", "{2D4F9808-1F22-4080-A999-62534F08D9B8}"
	ProjectSection(SolutionItems) = preProject
		Dockerfile = Dockerfile
		.dockerignore = .dockerignore
		..\docker-compose.yml = ..\docker-compose.yml
	EndProjectSection
EndProject
Global
	GlobalSection(SolutionConfigurationPlatforms) = preSolution
		Debug|Any CPU = Debug|Any CPU
		Release|Any CPU = Release|Any CPU
	EndGlobalSection
	GlobalSection(ProjectConfigurationPlatforms) = postSolution
		{776B94CC-91B6-4C4E-A5F2-2F1ED5E3BCE0}.Debug|Any CPU.ActiveCfg = Debug|Any CPU
		{776B94CC-91B6-4C4E-A5F2-2F1ED5E3BCE0}.Debug|Any CPU.Build.0 = Debug|Any CPU
		{776B94CC-91B6-4C4E-A5F2-2F1ED5E3BCE0}.Release|Any CPU.ActiveCfg = Release|Any CPU
		{776B94CC-91B6-4C4E-A5F2-2F1ED5E3BCE0}.Release|Any CPU.Build.0 = Release|Any CPU
		{8452F8E2-BBD7-4DAF-8AD8-F964332A360F}.Debug|Any CPU.ActiveCfg = Debug|Any CPU
		{8452F8E2-BBD7-4DAF-8AD8-F964332A360F}.Debug|Any CPU.Build.0 = Debug|Any CPU
		{8452F8E2-BBD7-4DAF-8AD8-F964332A360F}.Release|Any CPU.ActiveCfg = Release|Any CPU
		{8452F8E2-BBD7-4DAF-8AD8-F964332A360F}.Release|Any CPU.Build.0 = Release|Any CPU
		{6B14964E-A34A-4056-BC73-22ADCEEF0A14}.Debug|Any CPU.ActiveCfg = Debug|Any CPU
		{6B14964E-A34A-4056-BC73-22ADCEEF0A14}.Debug|Any CPU.Build.0 = Debug|Any CPU
		{6B14964E-A34A-4056-BC73-22ADCEEF0A14}.Release|Any CPU.ActiveCfg = Release|Any CPU
		{6B14964E-A34A-4056-BC73-22ADCEEF0A14}.Release|Any CPU.Build.0 = Release|Any CPU
		{07C2DA3E-56BA-4263-BDB9-81EF14FF0E3A}.Debug|Any CPU.ActiveCfg = Debug|Any CPU
		{07C2DA3E-56BA-4263-BDB9-81EF14FF0E3A}.Debug|Any CPU.Build.0 = Debug|Any CPU
		{07C2DA3E-56BA-4263-BDB9-81EF14FF0E3A}.Release|Any CPU.ActiveCfg = Release|Any CPU
		{07C2DA3E-56BA-4263-BDB9-81EF14FF0E3A}.Release|Any CPU.Build.0 = Release|Any CPU
		{A357C21E-0945-4645-8FB8-D302CD0C1222}.Debug|Any CPU.ActiveCfg = Debug|Any CPU
		{A357C21E-0945-4645-8FB8-D302CD0C1222}.Debug|Any CPU.Build.0 = Debug|Any CPU
		{A357C21E-0945-4645-8FB8-D302CD0C1222}.Release|Any CPU.ActiveCfg = Release|Any CPU
		{A357C21E-0945-4645-8FB8-D302CD0C1222}.Release|Any CPU.Build.0 = Release|Any CPU
		{CA14E75E-9C12-472D-96FC-1AAD67D504C6}.Debug|Any CPU.ActiveCfg = Debug|Any CPU
		{CA14E75E-9C12-472D-96FC-1AAD67D504C6}.Debug|Any CPU.Build.0 = Debug|Any CPU
		{CA14E75E-9C12-472D-96FC-1AAD67D504C6}.Release|Any CPU.ActiveCfg = Release|Any CPU
		{CA14E75E-9C12-472D-96FC-1AAD67D504C6}.Release|Any CPU.Build.0 = Release|Any CPU
		{BEC2AC62-1CD2-446F-B575-20BEA01F8A25}.Debug|Any CPU.ActiveCfg = Debug|Any CPU
		{BEC2AC62-1CD2-446F-B575-20BEA01F8A25}.Debug|Any CPU.Build.0 = Debug|Any CPU
		{BEC2AC62-1CD2-446F-B575-20BEA01F8A25}.Release|Any CPU.ActiveCfg = Release|Any CPU
		{BEC2AC62-1CD2-446F-B575-20BEA01F8A25}.Release|Any CPU.Build.0 = Release|Any CPU
		{2E79D5A7-D3B4-429A-AFD7-DC6BED080E2C}.Debug|Any CPU.ActiveCfg = Debug|Any CPU
		{2E79D5A7-D3B4-429A-AFD7-DC6BED080E2C}.Debug|Any CPU.Build.0 = Debug|Any CPU
		{2E79D5A7-D3B4-429A-AFD7-DC6BED080E2C}.Release|Any CPU.ActiveCfg = Release|Any CPU
		{2E79D5A7-D3B4-429A-AFD7-DC6BED080E2C}.Release|Any CPU.Build.0 = Release|Any CPU
		{63F48B29-44D6-4187-9151-63A7DF91A2CD}.Debug|Any CPU.ActiveCfg = Debug|Any CPU
		{63F48B29-44D6-4187-9151-63A7DF91A2CD}.Debug|Any CPU.Build.0 = Debug|Any CPU
		{63F48B29-44D6-4187-9151-63A7DF91A2CD}.Release|Any CPU.ActiveCfg = Release|Any CPU
		{63F48B29-44D6-4187-9151-63A7DF91A2CD}.Release|Any CPU.Build.0 = Release|Any CPU
		{F29285AC-BE30-44E0-9D5B-3C33244F0B28}.Debug|Any CPU.ActiveCfg = Debug|Any CPU
		{F29285AC-BE30-44E0-9D5B-3C33244F0B28}.Debug|Any CPU.Build.0 = Debug|Any CPU
		{F29285AC-BE30-44E0-9D5B-3C33244F0B28}.Release|Any CPU.ActiveCfg = Release|Any CPU
		{F29285AC-BE30-44E0-9D5B-3C33244F0B28}.Release|Any CPU.Build.0 = Release|Any CPU
		{2CCC342A-0590-4215-98B4-A4A7F491ADEB}.Debug|Any CPU.ActiveCfg = Debug|Any CPU
		{2CCC342A-0590-4215-98B4-A4A7F491ADEB}.Debug|Any CPU.Build.0 = Debug|Any CPU
		{2CCC342A-0590-4215-98B4-A4A7F491ADEB}.Release|Any CPU.ActiveCfg = Release|Any CPU
		{2CCC342A-0590-4215-98B4-A4A7F491ADEB}.Release|Any CPU.Build.0 = Release|Any CPU
		{04E240CB-D5F5-4C04-BBA9-BB87912AF31D}.Debug|Any CPU.ActiveCfg = Debug|Any CPU
		{04E240CB-D5F5-4C04-BBA9-BB87912AF31D}.Debug|Any CPU.Build.0 = Debug|Any CPU
		{04E240CB-D5F5-4C04-BBA9-BB87912AF31D}.Release|Any CPU.ActiveCfg = Release|Any CPU
		{04E240CB-D5F5-4C04-BBA9-BB87912AF31D}.Release|Any CPU.Build.0 = Release|Any CPU
		{AA852EAB-4CC1-4897-926D-1571BD9C0517}.Debug|Any CPU.ActiveCfg = Debug|Any CPU
		{AA852EAB-4CC1-4897-926D-1571BD9C0517}.Debug|Any CPU.Build.0 = Debug|Any CPU
		{AA852EAB-4CC1-4897-926D-1571BD9C0517}.Release|Any CPU.ActiveCfg = Release|Any CPU
		{AA852EAB-4CC1-4897-926D-1571BD9C0517}.Release|Any CPU.Build.0 = Release|Any CPU
		{F6F41B85-1CBF-470E-BF7F-04B200ADF2C2}.Debug|Any CPU.ActiveCfg = Debug|Any CPU
		{F6F41B85-1CBF-470E-BF7F-04B200ADF2C2}.Debug|Any CPU.Build.0 = Debug|Any CPU
		{F6F41B85-1CBF-470E-BF7F-04B200ADF2C2}.Release|Any CPU.ActiveCfg = Release|Any CPU
		{F6F41B85-1CBF-470E-BF7F-04B200ADF2C2}.Release|Any CPU.Build.0 = Release|Any CPU
		{E81DC196-77F3-4B7D-9742-2E3A3326553B}.Debug|Any CPU.ActiveCfg = Debug|Any CPU
		{E81DC196-77F3-4B7D-9742-2E3A3326553B}.Debug|Any CPU.Build.0 = Debug|Any CPU
		{E81DC196-77F3-4B7D-9742-2E3A3326553B}.Release|Any CPU.ActiveCfg = Release|Any CPU
		{E81DC196-77F3-4B7D-9742-2E3A3326553B}.Release|Any CPU.Build.0 = Release|Any CPU
		{EAB211CF-001A-4309-892A-DD0E56D060EF}.Debug|Any CPU.ActiveCfg = Debug|Any CPU
		{EAB211CF-001A-4309-892A-DD0E56D060EF}.Debug|Any CPU.Build.0 = Debug|Any CPU
		{EAB211CF-001A-4309-892A-DD0E56D060EF}.Release|Any CPU.ActiveCfg = Release|Any CPU
		{EAB211CF-001A-4309-892A-DD0E56D060EF}.Release|Any CPU.Build.0 = Release|Any CPU
		{06DBBEEE-23BA-4016-9EE3-618CFDA18B9D}.Debug|Any CPU.ActiveCfg = Debug|Any CPU
		{06DBBEEE-23BA-4016-9EE3-618CFDA18B9D}.Debug|Any CPU.Build.0 = Debug|Any CPU
		{06DBBEEE-23BA-4016-9EE3-618CFDA18B9D}.Release|Any CPU.ActiveCfg = Release|Any CPU
		{06DBBEEE-23BA-4016-9EE3-618CFDA18B9D}.Release|Any CPU.Build.0 = Release|Any CPU
		{E66BEB8E-94DB-4918-A728-AFEB82A1F3EA}.Debug|Any CPU.ActiveCfg = Debug|Any CPU
		{E66BEB8E-94DB-4918-A728-AFEB82A1F3EA}.Debug|Any CPU.Build.0 = Debug|Any CPU
		{E66BEB8E-94DB-4918-A728-AFEB82A1F3EA}.Release|Any CPU.ActiveCfg = Release|Any CPU
		{E66BEB8E-94DB-4918-A728-AFEB82A1F3EA}.Release|Any CPU.Build.0 = Release|Any CPU
	EndGlobalSection
	GlobalSection(NestedProjects) = preSolution
		{776B94CC-91B6-4C4E-A5F2-2F1ED5E3BCE0} = {C23658C3-EF58-4B50-A532-33E6E0B2E1E5}
		{A357C21E-0945-4645-8FB8-D302CD0C1222} = {083F97F2-3E65-4AA9-BB61-720EEBFBCAA6}
		{6B14964E-A34A-4056-BC73-22ADCEEF0A14} = {C23658C3-EF58-4B50-A532-33E6E0B2E1E5}
		{4C1FD346-B87B-4F2F-AA32-5284A5B689A8} = {083F97F2-3E65-4AA9-BB61-720EEBFBCAA6}
		{07C2DA3E-56BA-4263-BDB9-81EF14FF0E3A} = {4C1FD346-B87B-4F2F-AA32-5284A5B689A8}
		{8452F8E2-BBD7-4DAF-8AD8-F964332A360F} = {C23658C3-EF58-4B50-A532-33E6E0B2E1E5}
		{CA14E75E-9C12-472D-96FC-1AAD67D504C6} = {4C1FD346-B87B-4F2F-AA32-5284A5B689A8}
		{BEC2AC62-1CD2-446F-B575-20BEA01F8A25} = {083F97F2-3E65-4AA9-BB61-720EEBFBCAA6}
		{D64A4C5F-E08B-45D8-A351-3863D6D1BA15} = {C23658C3-EF58-4B50-A532-33E6E0B2E1E5}
		{2E79D5A7-D3B4-429A-AFD7-DC6BED080E2C} = {D64A4C5F-E08B-45D8-A351-3863D6D1BA15}
		{63F48B29-44D6-4187-9151-63A7DF91A2CD} = {083F97F2-3E65-4AA9-BB61-720EEBFBCAA6}
		{F29285AC-BE30-44E0-9D5B-3C33244F0B28} = {C23658C3-EF58-4B50-A532-33E6E0B2E1E5}
		{2CCC342A-0590-4215-98B4-A4A7F491ADEB} = {4C1FD346-B87B-4F2F-AA32-5284A5B689A8}
		{04E240CB-D5F5-4C04-BBA9-BB87912AF31D} = {083F97F2-3E65-4AA9-BB61-720EEBFBCAA6}
		{AA852EAB-4CC1-4897-926D-1571BD9C0517} = {4C1FD346-B87B-4F2F-AA32-5284A5B689A8}
		{F6F41B85-1CBF-470E-BF7F-04B200ADF2C2} = {083F97F2-3E65-4AA9-BB61-720EEBFBCAA6}
		{E81DC196-77F3-4B7D-9742-2E3A3326553B} = {C23658C3-EF58-4B50-A532-33E6E0B2E1E5}
		{EAB211CF-001A-4309-892A-DD0E56D060EF} = {C23658C3-EF58-4B50-A532-33E6E0B2E1E5}
		{06DBBEEE-23BA-4016-9EE3-618CFDA18B9D} = {D64A4C5F-E08B-45D8-A351-3863D6D1BA15}
		{E66BEB8E-94DB-4918-A728-AFEB82A1F3EA} = {C23658C3-EF58-4B50-A532-33E6E0B2E1E5}
	EndGlobalSection
EndGlobal
